Microsoft Visual Studio Solution File, Format Version 12.00
# Visual Studio Version 17
VisualStudioVersion = 17.5.2.0
MinimumVisualStudioVersion = 10.0.40219.1
Project("{FAE04EC0-301F-11D3-BF4B-00C04F79EFBC}") = "JokesWebApp", "JokesWebApp.csproj", "{21ADFF62-D733-C676-83A8-16D59EBC1431}"
EndProject
Global
	GlobalSection(SolutionConfigurationPlatforms) = preSolution
		Debug|Any CPU = Debug|Any CPU
		Release|Any CPU = Release|Any CPU
	EndGlobalSection
	GlobalSection(ProjectConfigurationPlatforms) = postSolution
		{21ADFF62-D733-C676-83A8-16D59EBC1431}.Debug|Any CPU.ActiveCfg = Debug|Any CPU
		{21ADFF62-D733-C676-83A8-16D59EBC1431}.Debug|Any CPU.Build.0 = Debug|Any CPU
		{21ADFF62-D733-C676-83A8-16D59EBC1431}.Release|Any CPU.ActiveCfg = Release|Any CPU
		{21ADFF62-D733-C676-83A8-16D59EBC1431}.Release|Any CPU.Build.0 = Release|Any CPU
	EndGlobalSection
	GlobalSection(SolutionProperties) = preSolution
		HideSolutionNode = FALSE
	EndGlobalSection
	GlobalSection(ExtensibilityGlobals) = postSolution
		SolutionGuid = {D42ED819-F9B5-4B52-AD23-9971BB2134A7}
	EndGlobalSection
EndGlobal
